// !$*UTF8*$!
{
	archiveVersion = 1;
	classes = {
	};
	objectVersion = 56;
	objects = {

/* Begin PBXBuildFile section */
		EC0649A82AA6098600135B46 /* AppDelegate.swift in Sources */ = {isa = PBXBuildFile; fileRef = EC0649A72AA6098600135B46 /* AppDelegate.swift */; };
		EC0649AA2AA6098600135B46 /* SceneDelegate.swift in Sources */ = {isa = PBXBuildFile; fileRef = EC0649A92AA6098600135B46 /* SceneDelegate.swift */; };
		EC0649AC2AA6098600135B46 /* ViewController.swift in Sources */ = {isa = PBXBuildFile; fileRef = EC0649AB2AA6098600135B46 /* ViewController.swift */; };
		EC0649AF2AA6098600135B46 /* Main.storyboard in Resources */ = {isa = PBXBuildFile; fileRef = EC0649AD2AA6098600135B46 /* Main.storyboard */; };
		EC0649B12AA6098800135B46 /* Assets.xcassets in Resources */ = {isa = PBXBuildFile; fileRef = EC0649B02AA6098800135B46 /* Assets.xcassets */; };
		EC0649B42AA6098800135B46 /* LaunchScreen.storyboard in Resources */ = {isa = PBXBuildFile; fileRef = EC0649B22AA6098800135B46 /* LaunchScreen.storyboard */; };
		EC0649BF2AA6098900135B46 /* TaxAppTests.swift in Sources */ = {isa = PBXBuildFile; fileRef = EC0649BE2AA6098900135B46 /* TaxAppTests.swift */; };
		EC0649C92AA6098900135B46 /* TaxAppUITests.swift in Sources */ = {isa = PBXBuildFile; fileRef = EC0649C82AA6098900135B46 /* TaxAppUITests.swift */; };
		EC0649CB2AA6098900135B46 /* TaxAppUITestsLaunchTests.swift in Sources */ = {isa = PBXBuildFile; fileRef = EC0649CA2AA6098900135B46 /* TaxAppUITestsLaunchTests.swift */; };
/* End PBXBuildFile section */

/* Begin PBXContainerItemProxy section */
		EC0649BB2AA6098900135B46 /* PBXContainerItemProxy */ = {
			isa = PBXContainerItemProxy;
			containerPortal = EC06499C2AA6098600135B46 /* Project object */;
			proxyType = 1;
			remoteGlobalIDString = EC0649A32AA6098600135B46;
			remoteInfo = TaxApp;
		};
		EC0649C52AA6098900135B46 /* PBXContainerItemProxy */ = {
			isa = PBXContainerItemProxy;
			containerPortal = EC06499C2AA6098600135B46 /* Project object */;
			proxyType = 1;
			remoteGlobalIDString = EC0649A32AA6098600135B46;
			remoteInfo = TaxApp;
		};
/* End PBXContainerItemProxy section */

/* Begin PBXFileReference section */
		EC0649A42AA6098600135B46 /* TaxApp.app */ = {isa = PBXFileReference; explicitFileType = wrapper.application; includeInIndex = 0; path = TaxApp.app; sourceTree = BUILT_PRODUCTS_DIR; };
		EC0649A72AA6098600135B46 /* AppDelegate.swift */ = {isa = PBXFileReference; lastKnownFileType = sourcecode.swift; path = AppDelegate.swift; sourceTree = "<group>"; };
		EC0649A92AA6098600135B46 /* SceneDelegate.swift */ = {isa = PBXFileReference; lastKnownFileType = sourcecode.swift; path = SceneDelegate.swift; sourceTree = "<group>"; };
		EC0649AB2AA6098600135B46 /* ViewController.swift */ = {isa = PBXFileReference; lastKnownFileType = sourcecode.swift; path = ViewController.swift; sourceTree = "<group>"; };
		EC0649AE2AA6098600135B46 /* Base */ = {isa = PBXFileReference; lastKnownFileType = file.storyboard; name = Base; path = Base.lproj/Main.storyboard; sourceTree = "<group>"; };
		EC0649B02AA6098800135B46 /* Assets.xcassets */ = {isa = PBXFileReference; lastKnownFileType = folder.assetcatalog; path = Assets.xcassets; sourceTree = "<group>"; };
		EC0649B32AA6098800135B46 /* Base */ = {isa = PBXFileReference; lastKnownFileType = file.storyboard; name = Base; path = Base.lproj/LaunchScreen.storyboard; sourceTree = "<group>"; };
		EC0649B52AA6098800135B46 /* Info.plist */ = {isa = PBXFileReference; lastKnownFileType = text.plist.xml; path = Info.plist; sourceTree = "<group>"; };
		EC0649BA2AA6098900135B46 /* TaxAppTests.xctest */ = {isa = PBXFileReference; explicitFileType = wrapper.cfbundle; includeInIndex = 0; path = TaxAppTests.xctest; sourceTree = BUILT_PRODUCTS_DIR; };
		EC0649BE2AA6098900135B46 /* TaxAppTests.swift */ = {isa = PBXFileReference; lastKnownFileType = sourcecode.swift; path = TaxAppTests.swift; sourceTree = "<group>"; };
		EC0649C42AA6098900135B46 /* TaxAppUITests.xctest */ = {isa = PBXFileReference; explicitFileType = wrapper.cfbundle; includeInIndex = 0; path = TaxAppUITests.xctest; sourceTree = BUILT_PRODUCTS_DIR; };
		EC0649C82AA6098900135B46 /* TaxAppUITests.swift */ = {isa = PBXFileReference; lastKnownFileType = sourcecode.swift; path = TaxAppUITests.swift; sourceTree = "<group>"; };
		EC0649CA2AA6098900135B46 /* TaxAppUITestsLaunchTests.swift */ = {isa = PBXFileReference; lastKnownFileType = sourcecode.swift; path = TaxAppUITestsLaunchTests.swift; sourceTree = "<group>"; };
/* End PBXFileReference section */

/* Begin PBXFrameworksBuildPhase section */
		EC0649A12AA6098600135B46 /* Frameworks */ = {
			isa = PBXFrameworksBuildPhase;
			buildActionMask = 2147483647;
			files = (
			);
			runOnlyForDeploymentPostprocessing = 0;
		};
		EC0649B72AA6098900135B46 /* Frameworks */ = {
			isa = PBXFrameworksBuildPhase;
			buildActionMask = 2147483647;
			files = (
			);
			runOnlyForDeploymentPostprocessing = 0;
		};
		EC0649C12AA6098900135B46 /* Frameworks */ = {
			isa = PBXFrameworksBuildPhase;
			buildActionMask = 2147483647;
			files = (
			);
			runOnlyForDeploymentPostprocessing = 0;
		};
/* End PBXFrameworksBuildPhase section */

/* Begin PBXGroup section */
		EC06499B2AA6098600135B46 = {
			isa = PBXGroup;
			children = (
				EC0649A62AA6098600135B46 /* TaxApp */,
				EC0649BD2AA6098900135B46 /* TaxAppTests */,
				EC0649C72AA6098900135B46 /* TaxAppUITests */,
				EC0649A52AA6098600135B46 /* Products */,
			);
			sourceTree = "<group>";
		};
		EC0649A52AA6098600135B46 /* Products */ = {
			isa = PBXGroup;
			children = (
				EC0649A42AA6098600135B46 /* TaxApp.app */,
				EC0649BA2AA6098900135B46 /* TaxAppTests.xctest */,
				EC0649C42AA6098900135B46 /* TaxAppUITests.xctest */,
			);
			name = Products;
			sourceTree = "<group>";
		};
		EC0649A62AA6098600135B46 /* TaxApp */ = {
			isa = PBXGroup;
			children = (
				EC0649A72AA6098600135B46 /* AppDelegate.swift */,
				EC0649A92AA6098600135B46 /* SceneDelegate.swift */,
				EC0649AB2AA6098600135B46 /* ViewController.swift */,
				EC0649AD2AA6098600135B46 /* Main.storyboard */,
				EC0649B02AA6098800135B46 /* Assets.xcassets */,
				EC0649B22AA6098800135B46 /* LaunchScreen.storyboard */,
				EC0649B52AA6098800135B46 /* Info.plist */,
			);
			path = TaxApp;
			sourceTree = "<group>";
		};
		EC0649BD2AA6098900135B46 /* TaxAppTests */ = {
			isa = PBXGroup;
			children = (
				EC0649BE2AA6098900135B46 /* TaxAppTests.swift */,
			);
			path = TaxAppTests;
			sourceTree = "<group>";
		};
		EC0649C72AA6098900135B46 /* TaxAppUITests */ = {
			isa = PBXGroup;
			children = (
				EC0649C82AA6098900135B46 /* TaxAppUITests.swift */,
				EC0649CA2AA6098900135B46 /* TaxAppUITestsLaunchTests.swift */,
			);
			path = TaxAppUITests;
			sourceTree = "<group>";
		};
/* End PBXGroup section */

/* Begin PBXNativeTarget section */
		EC0649A32AA6098600135B46 /* TaxApp */ = {
			isa = PBXNativeTarget;
			buildConfigurationList = EC0649CE2AA6098900135B46 /* Build configuration list for PBXNativeTarget "TaxApp" */;
			buildPhases = (
				EC0649A02AA6098600135B46 /* Sources */,
				EC0649A12AA6098600135B46 /* Frameworks */,
				EC0649A22AA6098600135B46 /* Resources */,
			);
			buildRules = (
			);
			dependencies = (
			);
			name = TaxApp;
			productName = TaxApp;
			productReference = EC0649A42AA6098600135B46 /* TaxApp.app */;
			productType = "com.apple.product-type.application";
		};
		EC0649B92AA6098900135B46 /* TaxAppTests */ = {
			isa = PBXNativeTarget;
			buildConfigurationList = EC0649D12AA6098900135B46 /* Build configuration list for PBXNativeTarget "TaxAppTests" */;
			buildPhases = (
				EC0649B62AA6098900135B46 /* Sources */,
				EC0649B72AA6098900135B46 /* Frameworks */,
				EC0649B82AA6098900135B46 /* Resources */,
			);
			buildRules = (
			);
			dependencies = (
				EC0649BC2AA6098900135B46 /* PBXTargetDependency */,
			);
			name = TaxAppTests;
			productName = TaxAppTests;
			productReference = EC0649BA2AA6098900135B46 /* TaxAppTests.xctest */;
			productType = "com.apple.product-type.bundle.unit-test";
		};
		EC0649C32AA6098900135B46 /* TaxAppUITests */ = {
			isa = PBXNativeTarget;
			buildConfigurationList = EC0649D42AA6098900135B46 /* Build configuration list for PBXNativeTarget "TaxAppUITests" */;
			buildPhases = (
				EC0649C02AA6098900135B46 /* Sources */,
				EC0649C12AA6098900135B46 /* Frameworks */,
				EC0649C22AA6098900135B46 /* Resources */,
			);
			buildRules = (
			);
			dependencies = (
				EC0649C62AA6098900135B46 /* PBXTargetDependency */,
			);
			name = TaxAppUITests;
			productName = TaxAppUITests;
			productReference = EC0649C42AA6098900135B46 /* TaxAppUITests.xctest */;
			productType = "com.apple.product-type.bundle.ui-testing";
		};
/* End PBXNativeTarget section */

/* Begin PBXProject section */
		EC06499C2AA6098600135B46 /* Project object */ = {
			isa = PBXProject;
			attributes = {
				BuildIndependentTargetsInParallel = 1;
				LastSwiftUpdateCheck = 1430;
				LastUpgradeCheck = 1430;
				TargetAttributes = {
					EC0649A32AA6098600135B46 = {
						CreatedOnToolsVersion = 14.3.1;
					};
					EC0649B92AA6098900135B46 = {
						CreatedOnToolsVersion = 14.3.1;
						TestTargetID = EC0649A32AA6098600135B46;
					};
					EC0649C32AA6098900135B46 = {
						CreatedOnToolsVersion = 14.3.1;
						TestTargetID = EC0649A32AA6098600135B46;
					};
				};
			};
			buildConfigurationList = EC06499F2AA6098600135B46 /* Build configuration list for PBXProject "TaxApp" */;
			compatibilityVersion = "Xcode 14.0";
			developmentRegion = en;
			hasScannedForEncodings = 0;
			knownRegions = (
				en,
				Base,
			);
			mainGroup = EC06499B2AA6098600135B46;
			productRefGroup = EC0649A52AA6098600135B46 /* Products */;
			projectDirPath = "";
			projectRoot = "";
			targets = (
				EC0649A32AA6098600135B46 /* TaxApp */,
				EC0649B92AA6098900135B46 /* TaxAppTests */,
				EC0649C32AA6098900135B46 /* TaxAppUITests */,
			);
		};
/* End PBXProject section */

/* Begin PBXResourcesBuildPhase section */
		EC0649A22AA6098600135B46 /* Resources */ = {
			isa = PBXResourcesBuildPhase;
			buildActionMask = 2147483647;
			files = (
				EC0649B42AA6098800135B46 /* LaunchScreen.storyboard in Resources */,
				EC0649B12AA6098800135B46 /* Assets.xcassets in Resources */,
				EC0649AF2AA6098600135B46 /* Main.storyboard in Resources */,
			);
			runOnlyForDeploymentPostprocessing = 0;
		};
		EC0649B82AA6098900135B46 /* Resources */ = {
			isa = PBXResourcesBuildPhase;
			buildActionMask = 2147483647;
			files = (
			);
			runOnlyForDeploymentPostprocessing = 0;
		};
		EC0649C22AA6098900135B46 /* Resources */ = {
			isa = PBXResourcesBuildPhase;
			buildActionMask = 2147483647;
			files = (
			);
			runOnlyForDeploymentPostprocessing = 0;
		};
/* End PBXResourcesBuildPhase section */

/* Begin PBXSourcesBuildPhase section */
		EC0649A02AA6098600135B46 /* Sources */ = {
			isa = PBXSourcesBuildPhase;
			buildActionMask = 2147483647;
			files = (
				EC0649AC2AA6098600135B46 /* ViewController.swift in Sources */,
				EC0649A82AA6098600135B46 /* AppDelegate.swift in Sources */,
				EC0649AA2AA6098600135B46 /* SceneDelegate.swift in Sources */,
			);
			runOnlyForDeploymentPostprocessing = 0;
		};
		EC0649B62AA6098900135B46 /* Sources */ = {
			isa = PBXSourcesBuildPhase;
			buildActionMask = 2147483647;
			files = (
				EC0649BF2AA6098900135B46 /* TaxAppTests.swift in Sources */,
			);
			runOnlyForDeploymentPostprocessing = 0;
		};
		EC0649C02AA6098900135B46 /* Sources */ = {
			isa = PBXSourcesBuildPhase;
			buildActionMask = 2147483647;
			files = (
				EC0649CB2AA6098900135B46 /* TaxAppUITestsLaunchTests.swift in Sources */,
				EC0649C92AA6098900135B46 /* TaxAppUITests.swift in Sources */,
			);
			runOnlyForDeploymentPostprocessing = 0;
		};
/* End PBXSourcesBuildPhase section */

/* Begin PBXTargetDependency section */
		EC0649BC2AA6098900135B46 /* PBXTargetDependency */ = {
			isa = PBXTargetDependency;
			target = EC0649A32AA6098600135B46 /* TaxApp */;
			targetProxy = EC0649BB2AA6098900135B46 /* PBXContainerItemProxy */;
		};
		EC0649C62AA6098900135B46 /* PBXTargetDependency */ = {
			isa = PBXTargetDependency;
			target = EC0649A32AA6098600135B46 /* TaxApp */;
			targetProxy = EC0649C52AA6098900135B46 /* PBXContainerItemProxy */;
		};
/* End PBXTargetDependency section */

/* Begin PBXVariantGroup section */
		EC0649AD2AA6098600135B46 /* Main.storyboard */ = {
			isa = PBXVariantGroup;
			children = (
				EC0649AE2AA6098600135B46 /* Base */,
			);
			name = Main.storyboard;
			sourceTree = "<group>";
		};
		EC0649B22AA6098800135B46 /* LaunchScreen.storyboard */ = {
			isa = PBXVariantGroup;
			children = (
				EC0649B32AA6098800135B46 /* Base */,
			);
			name = LaunchScreen.storyboard;
			sourceTree = "<group>";
		};
/* End PBXVariantGroup section */

/* Begin XCBuildConfiguration section */
		EC0649CC2AA6098900135B46 /* Debug */ = {
			isa = XCBuildConfiguration;
			buildSettings = {
				ALWAYS_SEARCH_USER_PATHS = NO;
				CLANG_ANALYZER_NONNULL = YES;
				CLANG_ANALYZER_NUMBER_OBJECT_CONVERSION = YES_AGGRESSIVE;
				CLANG_CXX_LANGUAGE_STANDARD = "gnu++20";
				CLANG_ENABLE_MODULES = YES;
				CLANG_ENABLE_OBJC_ARC = YES;
				CLANG_ENABLE_OBJC_WEAK = YES;
				CLANG_WARN_BLOCK_CAPTURE_AUTORELEASING = YES;
				CLANG_WARN_BOOL_CONVERSION = YES;
				CLANG_WARN_COMMA = YES;
				CLANG_WARN_CONSTANT_CONVERSION = YES;
				CLANG_WARN_DEPRECATED_OBJC_IMPLEMENTATIONS = YES;
				CLANG_WARN_DIRECT_OBJC_ISA_USAGE = YES_ERROR;
				CLANG_WARN_DOCUMENTATION_COMMENTS = YES;
				CLANG_WARN_EMPTY_BODY = YES;
				CLANG_WARN_ENUM_CONVERSION = YES;
				CLANG_WARN_INFINITE_RECURSION = YES;
				CLANG_WARN_INT_CONVERSION = YES;
				CLANG_WARN_NON_LITERAL_NULL_CONVERSION = YES;
				CLANG_WARN_OBJC_IMPLICIT_RETAIN_SELF = YES;
				CLANG_WARN_OBJC_LITERAL_CONVERSION = YES;
				CLANG_WARN_OBJC_ROOT_CLASS = YES_ERROR;
				CLANG_WARN_QUOTED_INCLUDE_IN_FRAMEWORK_HEADER = YES;
				CLANG_WARN_RANGE_LOOP_ANALYSIS = YES;
				CLANG_WARN_STRICT_PROTOTYPES = YES;
				CLANG_WARN_SUSPICIOUS_MOVE = YES;
				CLANG_WARN_UNGUARDED_AVAILABILITY = YES_AGGRESSIVE;
				CLANG_WARN_UNREACHABLE_CODE = YES;
				CLANG_WARN__DUPLICATE_METHOD_MATCH = YES;
				COPY_PHASE_STRIP = NO;
				DEBUG_INFORMATION_FORMAT = dwarf;
				ENABLE_STRICT_OBJC_MSGSEND = YES;
				ENABLE_TESTABILITY = YES;
				GCC_C_LANGUAGE_STANDARD = gnu11;
				GCC_DYNAMIC_NO_PIC = NO;
				GCC_NO_COMMON_BLOCKS = YES;
				GCC_OPTIMIZATION_LEVEL = 0;
				GCC_PREPROCESSOR_DEFINITIONS = (
					"DEBUG=1",
					"$(inherited)",
				);
				GCC_WARN_64_TO_32_BIT_CONVERSION = YES;
				GCC_WARN_ABOUT_RETURN_TYPE = YES_ERROR;
				GCC_WARN_UNDECLARED_SELECTOR = YES;
				GCC_WARN_UNINITIALIZED_AUTOS = YES_AGGRESSIVE;
				GCC_WARN_UNUSED_FUNCTION = YES;
				GCC_WARN_UNUSED_VARIABLE = YES;
				IPHONEOS_DEPLOYMENT_TARGET = 16.4;
				MTL_ENABLE_DEBUG_INFO = INCLUDE_SOURCE;
				MTL_FAST_MATH = YES;
				ONLY_ACTIVE_ARCH = YES;
				SDKROOT = iphoneos;
				SWIFT_ACTIVE_COMPILATION_CONDITIONS = DEBUG;
				SWIFT_OPTIMIZATION_LEVEL = "-Onone";
			};
			name = Debug;
		};
		EC0649CD2AA6098900135B46 /* Release */ = {
			isa = XCBuildConfiguration;
			buildSettings = {
				ALWAYS_SEARCH_USER_PATHS = NO;
				CLANG_ANALYZER_NONNULL = YES;
				CLANG_ANALYZER_NUMBER_OBJECT_CONVERSION = YES_AGGRESSIVE;
				CLANG_CXX_LANGUAGE_STANDARD = "gnu++20";
				CLANG_ENABLE_MODULES = YES;
				CLANG_ENABLE_OBJC_ARC = YES;
				CLANG_ENABLE_OBJC_WEAK = YES;
				CLANG_WARN_BLOCK_CAPTURE_AUTORELEASING = YES;
				CLANG_WARN_BOOL_CONVERSION = YES;
				CLANG_WARN_COMMA = YES;
				CLANG_WARN_CONSTANT_CONVERSION = YES;
				CLANG_WARN_DEPRECATED_OBJC_IMPLEMENTATIONS = YES;
				CLANG_WARN_DIRECT_OBJC_ISA_USAGE = YES_ERROR;
				CLANG_WARN_DOCUMENTATION_COMMENTS = YES;
				CLANG_WARN_EMPTY_BODY = YES;
				CLANG_WARN_ENUM_CONVERSION = YES;
				CLANG_WARN_INFINITE_RECURSION = YES;
				CLANG_WARN_INT_CONVERSION = YES;
				CLANG_WARN_NON_LITERAL_NULL_CONVERSION = YES;
				CLANG_WARN_OBJC_IMPLICIT_RETAIN_SELF = YES;
				CLANG_WARN_OBJC_LITERAL_CONVERSION = YES;
				CLANG_WARN_OBJC_ROOT_CLASS = YES_ERROR;
				CLANG_WARN_QUOTED_INCLUDE_IN_FRAMEWORK_HEADER = YES;
				CLANG_WARN_RANGE_LOOP_ANALYSIS = YES;
				CLANG_WARN_STRICT_PROTOTYPES = YES;
				CLANG_WARN_SUSPICIOUS_MOVE = YES;
				CLANG_WARN_UNGUARDED_AVAILABILITY = YES_AGGRESSIVE;
				CLANG_WARN_UNREACHABLE_CODE = YES;
				CLANG_WARN__DUPLICATE_METHOD_MATCH = YES;
				COPY_PHASE_STRIP = NO;
				DEBUG_INFORMATION_FORMAT = "dwarf-with-dsym";
				ENABLE_NS_ASSERTIONS = NO;
				ENABLE_STRICT_OBJC_MSGSEND = YES;
				GCC_C_LANGUAGE_STANDARD = gnu11;
				GCC_NO_COMMON_BLOCKS = YES;
				GCC_WARN_64_TO_32_BIT_CONVERSION = YES;
				GCC_WARN_ABOUT_RETURN_TYPE = YES_ERROR;
				GCC_WARN_UNDECLARED_SELECTOR = YES;
				GCC_WARN_UNINITIALIZED_AUTOS = YES_AGGRESSIVE;
				GCC_WARN_UNUSED_FUNCTION = YES;
				GCC_WARN_UNUSED_VARIABLE = YES;
				IPHONEOS_DEPLOYMENT_TARGET = 16.4;
				MTL_ENABLE_DEBUG_INFO = NO;
				MTL_FAST_MATH = YES;
				SDKROOT = iphoneos;
				SWIFT_COMPILATION_MODE = wholemodule;
				SWIFT_OPTIMIZATION_LEVEL = "-O";
				VALIDATE_PRODUCT = YES;
			};
			name = Release;
		};
		EC0649CF2AA6098900135B46 /* Debug */ = {
			isa = XCBuildConfiguration;
			buildSettings = {
				ASSETCATALOG_COMPILER_APPICON_NAME = AppIcon;
				ASSETCATALOG_COMPILER_GLOBAL_ACCENT_COLOR_NAME = AccentColor;
				CODE_SIGN_STYLE = Automatic;
				CURRENT_PROJECT_VERSION = 1;
				DEVELOPMENT_TEAM = 8S8ZDN8Y6U;
				GENERATE_INFOPLIST_FILE = YES;
				INFOPLIST_FILE = TaxApp/Info.plist;
				INFOPLIST_KEY_UIApplicationSupportsIndirectInputEvents = YES;
				INFOPLIST_KEY_UILaunchStoryboardName = LaunchScreen;
				INFOPLIST_KEY_UIMainStoryboardFile = Main;
				INFOPLIST_KEY_UISupportedInterfaceOrientations_iPad = "UIInterfaceOrientationPortrait UIInterfaceOrientationPortraitUpsideDown UIInterfaceOrientationLandscapeLeft UIInterfaceOrientationLandscapeRight";
				INFOPLIST_KEY_UISupportedInterfaceOrientations_iPhone = "UIInterfaceOrientationPortrait UIInterfaceOrientationLandscapeLeft UIInterfaceOrientationLandscapeRight";
				LD_RUNPATH_SEARCH_PATHS = (
					"$(inherited)",
					"@executable_path/Frameworks",
				);
				MARKETING_VERSION = 1.0;
				PRODUCT_BUNDLE_IDENTIFIER = com.secondlife.TaxApp;
				PRODUCT_NAME = "$(TARGET_NAME)";
				SWIFT_EMIT_LOC_STRINGS = YES;
				SWIFT_VERSION = 5.0;
				TARGETED_DEVICE_FAMILY = "1,2";
			};
			name = Debug;
		};
		EC0649D02AA6098900135B46 /* Release */ = {
			isa = XCBuildConfiguration;
			buildSettings = {
				ASSETCATALOG_COMPILER_APPICON_NAME = AppIcon;
				ASSETCATALOG_COMPILER_GLOBAL_ACCENT_COLOR_NAME = AccentColor;
				CODE_SIGN_STYLE = Automatic;
				CURRENT_PROJECT_VERSION = 1;
				DEVELOPMENT_TEAM = 8S8ZDN8Y6U;
				GENERATE_INFOPLIST_FILE = YES;
				INFOPLIST_FILE = TaxApp/Info.plist;
				INFOPLIST_KEY_UIApplicationSupportsIndirectInputEvents = YES;
				INFOPLIST_KEY_UILaunchStoryboardName = LaunchScreen;
				INFOPLIST_KEY_UIMainStoryboardFile = Main;
				INFOPLIST_KEY_UISupportedInterfaceOrientations_iPad = "UIInterfaceOrientationPortrait UIInterfaceOrientationPortraitUpsideDown UIInterfaceOrientationLandscapeLeft UIInterfaceOrientationLandscapeRight";
				INFOPLIST_KEY_UISupportedInterfaceOrientations_iPhone = "UIInterfaceOrientationPortrait UIInterfaceOrientationLandscapeLeft UIInterfaceOrientationLandscapeRight";
				LD_RUNPATH_SEARCH_PATHS = (
					"$(inherited)",
					"@executable_path/Frameworks",
				);
				MARKETING_VERSION = 1.0;
				PRODUCT_BUNDLE_IDENTIFIER = com.secondlife.TaxApp;
				PRODUCT_NAME = "$(TARGET_NAME)";
				SWIFT_EMIT_LOC_STRINGS = YES;
				SWIFT_VERSION = 5.0;
				TARGETED_DEVICE_FAMILY = "1,2";
			};
			name = Release;
		};
		EC0649D22AA6098900135B46 /* Debug */ = {
			isa = XCBuildConfiguration;
			buildSettings = {
				ALWAYS_EMBED_SWIFT_STANDARD_LIBRARIES = YES;
				BUNDLE_LOADER = "$(TEST_HOST)";
				CODE_SIGN_STYLE = Automatic;
				CURRENT_PROJECT_VERSION = 1;
				DEVELOPMENT_TEAM = 8S8ZDN8Y6U;
				GENERATE_INFOPLIST_FILE = YES;
				IPHONEOS_DEPLOYMENT_TARGET = 16.4;
				MARKETING_VERSION = 1.0;
				PRODUCT_BUNDLE_IDENTIFIER = com.secondlife.TaxAppTests;
				PRODUCT_NAME = "$(TARGET_NAME)";
				SWIFT_EMIT_LOC_STRINGS = NO;
				SWIFT_VERSION = 5.0;
				TARGETED_DEVICE_FAMILY = "1,2";
				TEST_HOST = "$(BUILT_PRODUCTS_DIR)/TaxApp.app/$(BUNDLE_EXECUTABLE_FOLDER_PATH)/TaxApp";
			};
			name = Debug;
		};
		EC0649D32AA6098900135B46 /* Release */ = {
			isa = XCBuildConfiguration;
			buildSettings = {
				ALWAYS_EMBED_SWIFT_STANDARD_LIBRARIES = YES;
				BUNDLE_LOADER = "$(TEST_HOST)";
				CODE_SIGN_STYLE = Automatic;
				CURRENT_PROJECT_VERSION = 1;
				DEVELOPMENT_TEAM = 8S8ZDN8Y6U;
				GENERATE_INFOPLIST_FILE = YES;
				IPHONEOS_DEPLOYMENT_TARGET = 16.4;
				MARKETING_VERSION = 1.0;
				PRODUCT_BUNDLE_IDENTIFIER = com.secondlife.TaxAppTests;
				PRODUCT_NAME = "$(TARGET_NAME)";
				SWIFT_EMIT_LOC_STRINGS = NO;
				SWIFT_VERSION = 5.0;
				TARGETED_DEVICE_FAMILY = "1,2";
				TEST_HOST = "$(BUILT_PRODUCTS_DIR)/TaxApp.app/$(BUNDLE_EXECUTABLE_FOLDER_PATH)/TaxApp";
			};
			name = Release;
		};
		EC0649D52AA6098900135B46 /* Debug */ = {
			isa = XCBuildConfiguration;
			buildSettings = {
				ALWAYS_EMBED_SWIFT_STANDARD_LIBRARIES = YES;
				CODE_SIGN_STYLE = Automatic;
				CURRENT_PROJECT_VERSION = 1;
				DEVELOPMENT_TEAM = 8S8ZDN8Y6U;
				GENERATE_INFOPLIST_FILE = YES;
				MARKETING_VERSION = 1.0;
				PRODUCT_BUNDLE_IDENTIFIER = com.secondlife.TaxAppUITests;
				PRODUCT_NAME = "$(TARGET_NAME)";
				SWIFT_EMIT_LOC_STRINGS = NO;
				SWIFT_VERSION = 5.0;
				TARGETED_DEVICE_FAMILY = "1,2";
				TEST_TARGET_NAME = TaxApp;
			};
			name = Debug;
		};
		EC0649D62AA6098900135B46 /* Release */ = {
			isa = XCBuildConfiguration;
			buildSettings = {
				ALWAYS_EMBED_SWIFT_STANDARD_LIBRARIES = YES;
				CODE_SIGN_STYLE = Automatic;
				CURRENT_PROJECT_VERSION = 1;
				DEVELOPMENT_TEAM = 8S8ZDN8Y6U;
				GENERATE_INFOPLIST_FILE = YES;
				MARKETING_VERSION = 1.0;
				PRODUCT_BUNDLE_IDENTIFIER = com.secondlife.TaxAppUITests;
				PRODUCT_NAME = "$(TARGET_NAME)";
				SWIFT_EMIT_LOC_STRINGS = NO;
				SWIFT_VERSION = 5.0;
				TARGETED_DEVICE_FAMILY = "1,2";
				TEST_TARGET_NAME = TaxApp;
			};
			name = Release;
		};
/* End XCBuildConfiguration section */

/* Begin XCConfigurationList section */
		EC06499F2AA6098600135B46 /* Build configuration list for PBXProject "TaxApp" */ = {
			isa = XCConfigurationList;
			buildConfigurations = (
				EC0649CC2AA6098900135B46 /* Debug */,
				EC0649CD2AA6098900135B46 /* Release */,
			);
			defaultConfigurationIsVisible = 0;
			defaultConfigurationName = Release;
		};
		EC0649CE2AA6098900135B46 /* Build configuration list for PBXNativeTarget "TaxApp" */ = {
			isa = XCConfigurationList;
			buildConfigurations = (
				EC0649CF2AA6098900135B46 /* Debug */,
				EC0649D02AA6098900135B46 /* Release */,
			);
			defaultConfigurationIsVisible = 0;
			defaultConfigurationName = Release;
		};
		EC0649D12AA6098900135B46 /* Build configuration list for PBXNativeTarget "TaxAppTests" */ = {
			isa = XCConfigurationList;
			buildConfigurations = (
				EC0649D22AA6098900135B46 /* Debug */,
				EC0649D32AA6098900135B46 /* Release */,
			);
			defaultConfigurationIsVisible = 0;
			defaultConfigurationName = Release;
		};
		EC0649D42AA6098900135B46 /* Build configuration list for PBXNativeTarget "TaxAppUITests" */ = {
			isa = XCConfigurationList;
			buildConfigurations = (
				EC0649D52AA6098900135B46 /* Debug */,
				EC0649D62AA6098900135B46 /* Release */,
			);
			defaultConfigurationIsVisible = 0;
			defaultConfigurationName = Release;
		};
/* End XCConfigurationList section */
	};
	rootObject = EC06499C2AA6098600135B46 /* Project object */;
}
